
Microsoft Visual Studio Solution File, Format Version 12.00
# Visual Studio Version 17
VisualStudioVersion = 17.2.32526.322
MinimumVisualStudioVersion = 10.0.40219.1
Project("{FAE04EC0-301F-11D3-BF4B-00C04F79EFBC}") = "Practica", "Practica\Practica.csproj", "{A313327B-FE7A-4729-A579-4141324ABD3C}"
EndProject
Global
	GlobalSection(SolutionConfigurationPlatforms) = preSolution
		Debug|Any CPU = Debug|Any CPU
		Release|Any CPU = Release|Any CPU
	EndGlobalSection
	GlobalSection(ProjectConfigurationPlatforms) = postSolution
		{A313327B-FE7A-4729-A579-4141324ABD3C}.Debug|Any CPU.ActiveCfg = Debug|Any CPU
		{A313327B-FE7A-4729-A579-4141324ABD3C}.Debug|Any CPU.Build.0 = Debug|Any CPU
		{A313327B-FE7A-4729-A579-4141324ABD3C}.Release|Any CPU.ActiveCfg = Release|Any CPU
		{A313327B-FE7A-4729-A579-4141324ABD3C}.Release|Any CPU.Build.0 = Release|Any CPU
	EndGlobalSection
	GlobalSection(SolutionProperties) = preSolution
		HideSolutionNode = FALSE
	EndGlobalSection
	GlobalSection(ExtensibilityGlobals) = postSolution
		SolutionGuid = {3F2F0381-D2F8-481A-AA25-44D37CEC140F}
	EndGlobalSection
EndGlobal
