
Microsoft Visual Studio Solution File, Format Version 12.00
# Visual Studio Version 17
VisualStudioVersion = 17.2.32526.322
MinimumVisualStudioVersion = 10.0.40219.1
Project("{FAE04EC0-301F-11D3-BF4B-00C04F79EFBC}") = "Matriz NXN", "Matriz NXN\Matriz NXN.csproj", "{F41BB4A4-99B6-4753-8025-B881F4090067}"
EndProject
Global
	GlobalSection(SolutionConfigurationPlatforms) = preSolution
		Debug|Any CPU = Debug|Any CPU
		Release|Any CPU = Release|Any CPU
	EndGlobalSection
	GlobalSection(ProjectConfigurationPlatforms) = postSolution
		{F41BB4A4-99B6-4753-8025-B881F4090067}.Debug|Any CPU.ActiveCfg = Debug|Any CPU
		{F41BB4A4-99B6-4753-8025-B881F4090067}.Debug|Any CPU.Build.0 = Debug|Any CPU
		{F41BB4A4-99B6-4753-8025-B881F4090067}.Release|Any CPU.ActiveCfg = Release|Any CPU
		{F41BB4A4-99B6-4753-8025-B881F4090067}.Release|Any CPU.Build.0 = Release|Any CPU
	EndGlobalSection
	GlobalSection(SolutionProperties) = preSolution
		HideSolutionNode = FALSE
	EndGlobalSection
	GlobalSection(ExtensibilityGlobals) = postSolution
		SolutionGuid = {FB5DC6DA-B421-4641-976C-3751DB9B05AE}
	EndGlobalSection
EndGlobal
