
Microsoft Visual Studio Solution File, Format Version 12.00
# Visual Studio Version 17
VisualStudioVersion = 17.2.32526.322
MinimumVisualStudioVersion = 10.0.40219.1
Project("{FAE04EC0-301F-11D3-BF4B-00C04F79EFBC}") = "Capacitacion", "Capacitacion\Capacitacion.csproj", "{FFB77D14-0FD8-49E8-9B6F-9CB2A7F8E20B}"
EndProject
Global
	GlobalSection(SolutionConfigurationPlatforms) = preSolution
		Debug|Any CPU = Debug|Any CPU
		Release|Any CPU = Release|Any CPU
	EndGlobalSection
	GlobalSection(ProjectConfigurationPlatforms) = postSolution
		{FFB77D14-0FD8-49E8-9B6F-9CB2A7F8E20B}.Debug|Any CPU.ActiveCfg = Debug|Any CPU
		{FFB77D14-0FD8-49E8-9B6F-9CB2A7F8E20B}.Debug|Any CPU.Build.0 = Debug|Any CPU
		{FFB77D14-0FD8-49E8-9B6F-9CB2A7F8E20B}.Release|Any CPU.ActiveCfg = Release|Any CPU
		{FFB77D14-0FD8-49E8-9B6F-9CB2A7F8E20B}.Release|Any CPU.Build.0 = Release|Any CPU
	EndGlobalSection
	GlobalSection(SolutionProperties) = preSolution
		HideSolutionNode = FALSE
	EndGlobalSection
	GlobalSection(ExtensibilityGlobals) = postSolution
		SolutionGuid = {5B367676-33FA-46A5-B69A-F556BEA419CE}
	EndGlobalSection
EndGlobal
